PODS:
  - Alamofire (4.0.1)
  - AsyncDisplayKit (1.9.92):
    - AsyncDisplayKit/PINRemoteImage (= 1.9.92)
  - AsyncDisplayKit/ASDealloc2MainObject (1.9.92)
  - AsyncDisplayKit/Core (1.9.92):
    - AsyncDisplayKit/ASDealloc2MainObject
  - AsyncDisplayKit/PINRemoteImage (1.9.92):
    - AsyncDisplayKit/Core
    - PINCache (= 3.0.1-beta)
    - PINRemoteImage/iOS (= 3.0.0-beta.3)
  - ChameleonFramework/Default (2.1.0)
  - ChameleonFramework/Swift (2.1.0):
    - ChameleonFramework/Default
  - DateToolsSwift (2.0.0)
  - DeviceKit (1.0.1)
  - Hero (0.1.7)
  - PINCache (3.0.1-beta)
  - PINRemoteImage/Core (3.0.0-beta.3):
    - PINCache (>= 3.0.0-beta)
  - PINRemoteImage/iOS (3.0.0-beta.3):
    - PINRemoteImage/Core
  - SnapKit (3.0.2)
  - SwiftyJSON (3.1.4)

DEPENDENCIES:
  - Alamofire
  - AsyncDisplayKit
  - ChameleonFramework/Swift (from `https://github.com/ViccAlexander/Chameleon.git`)
  - DateToolsSwift (~> 2.0.0)
  - DeviceKit (~> 1.0)
  - Hero (~> 0.1.7)
  - SnapKit
  - SwiftyJSON (~> 3.1.4)

EXTERNAL SOURCES:
  ChameleonFramework:
    :git: https://github.com/ViccAlexander/Chameleon.git

CHECKOUT OPTIONS:
  ChameleonFramework:
    :commit: dcf98f9bf3a632a7f40679b7da46f09681e48526
    :git: https://github.com/ViccAlexander/Chameleon.git

SPEC CHECKSUMS:
  Alamofire: 7682d43245de14874acd142ec137b144aa1dd335
  AsyncDisplayKit: 49d94f5739669d666ff7cdc3430f43f0b2cfbeaf
  ChameleonFramework: d21a3cc247abfe5e37609a283a8238b03575cf64
  DateToolsSwift: 27336736d877c8734159da1f37afbda2aa704649
  DeviceKit: 461e525867e48e725f41699c1cab3100df1258ff
  Hero: 423c0c60ae79144ed2e26f5f7dd44e7cb101ee94
  PINCache: 6911fe422a633e18b3d3ddf2bd4f0e55e36e2892
  PINRemoteImage: 308731aa6534500e58fc211b9cc2bb7252df25ba
  SnapKit: 2e456761aa92d4d4067a7a5594c18769d451a8ad
  SwiftyJSON: c2842d878f95482ffceec5709abc3d05680c0220

PODFILE CHECKSUM: 94cef7601793d39829b34cf514e9454201a6ea3a

COCOAPODS: 1.2.0
